version = 1
revision = 3
requires-python = ">=3.11"

[[package]]
name = "keyboard-chattering-fix"
version = "0.1.0"
source = { virtual = "." }
dependencies = [
    { name = "libevdev" },
]

[package.metadata]
requires-dist = [{ name = "libevdev", specifier = "~=0.11" }]

[[package]]
name = "libevdev"
version = "0.13.1"
source = { registry = "https://pypi.org/simple" }
sdist = { url = "https://files.pythonhosted.org/packages/86/ff/4f8ab38330965168be742b772bcd151a7a052ea17b2481c43a607875d4ed/libevdev-0.13.1.tar.gz", hash = "sha256:dc3369cd1401767b9ecb1117cd6b73faba9038e3bd9e1695a710a9e9d9415e8d", size = 61523, upload-time = "2025-11-14T07:27:11.932Z" }
wheels = [
    { url = "https://files.pythonhosted.org/packages/da/81/a61deef77c83752bb28aac9373676d9f2218a53bfd7bfb9baf10c612dc3c/libevdev-0.13.1-py3-none-any.whl", hash = "sha256:1a15dc796ecb1cba679fc564686f9efab5124efae6e41dba8f4bf377d5a72f4a", size = 33627, upload-time = "2025-11-14T07:27:10.253Z" },
]
